
Microsoft Visual Studio Solution File, Format Version 12.00
# Visual Studio 15
VisualStudioVersion = 15.0.28010.2036
MinimumVisualStudioVersion = 10.0.40219.1
Project("{888888A0-9F3D-457C-B088-3A5042F75D52}") = "EncodingToJSON", "EncodingToJSON\EncodingToJSON.pyproj", "{7AA94416-81E2-4CF3-9498-E91C5CA50146}"
EndProject
Global
	GlobalSection(SolutionConfigurationPlatforms) = preSolution
		Debug|Any CPU = Debug|Any CPU
		Release|Any CPU = Release|Any CPU
	EndGlobalSection
	GlobalSection(ProjectConfigurationPlatforms) = postSolution
		{7AA94416-81E2-4CF3-9498-E91C5CA50146}.Debug|Any CPU.ActiveCfg = Debug|Any CPU
		{7AA94416-81E2-4CF3-9498-E91C5CA50146}.Release|Any CPU.ActiveCfg = Release|Any CPU
	EndGlobalSection
	GlobalSection(SolutionProperties) = preSolution
		HideSolutionNode = FALSE
	EndGlobalSection
	GlobalSection(ExtensibilityGlobals) = postSolution
		SolutionGuid = {CCF8FA2A-CB18-4891-8BE0-D480436F9883}
	EndGlobalSection
EndGlobal
