
Microsoft Visual Studio Solution File, Format Version 12.00
# Visual Studio 15
VisualStudioVersion = 15.0.28010.2036
MinimumVisualStudioVersion = 10.0.40219.1
Project("{888888A0-9F3D-457C-B088-3A5042F75D52}") = "DecodeToDDBB", "DecodeToDDBB\DecodeToDDBB.pyproj", "{8D2174C3-995A-411E-A0B0-90575E6410AC}"
EndProject
Global
	GlobalSection(SolutionConfigurationPlatforms) = preSolution
		Debug|Any CPU = Debug|Any CPU
		Release|Any CPU = Release|Any CPU
	EndGlobalSection
	GlobalSection(ProjectConfigurationPlatforms) = postSolution
		{8D2174C3-995A-411E-A0B0-90575E6410AC}.Debug|Any CPU.ActiveCfg = Debug|Any CPU
		{8D2174C3-995A-411E-A0B0-90575E6410AC}.Release|Any CPU.ActiveCfg = Release|Any CPU
	EndGlobalSection
	GlobalSection(SolutionProperties) = preSolution
		HideSolutionNode = FALSE
	EndGlobalSection
	GlobalSection(ExtensibilityGlobals) = postSolution
		SolutionGuid = {12577F7F-531D-43C0-896D-6DD5C4E9604D}
	EndGlobalSection
EndGlobal
